
Microsoft Visual Studio Solution File, Format Version 12.00
# Visual Studio 15
VisualStudioVersion = 15.0.27130.0
MinimumVisualStudioVersion = 10.0.40219.1
Project("{FAE04EC0-301F-11D3-BF4B-00C04F79EFBC}") = "Ruanmou.ThreadHomework.TianLongBaBu", "Ruanmou.ThreadHomework.TianLongBaBu\Ruanmou.ThreadHomework.TianLongBaBu.csproj", "{24ADCFB1-A6EF-45E5-825F-83E6134E2908}"
EndProject
Project("{FAE04EC0-301F-11D3-BF4B-00C04F79EFBC}") = "Ruanmou.ThreadHomework", "Ruanmou.ThreadHomework\Ruanmou.ThreadHomework.csproj", "{94A5DAD8-2C4A-487A-AAF2-89D49421302A}"
EndProject
Project("{FAE04EC0-301F-11D3-BF4B-00C04F79EFBC}") = "Ruanmou.Framework", "Ruanmou.Framework\Ruanmou.Framework.csproj", "{3A5D33A4-118C-49EF-91A9-3B4B5A487A4F}"
EndProject
Global
	GlobalSection(SolutionConfigurationPlatforms) = preSolution
		Debug|Any CPU = Debug|Any CPU
		Release|Any CPU = Release|Any CPU
	EndGlobalSection
	GlobalSection(ProjectConfigurationPlatforms) = postSolution
		{24ADCFB1-A6EF-45E5-825F-83E6134E2908}.Debug|Any CPU.ActiveCfg = Debug|Any CPU
		{24ADCFB1-A6EF-45E5-825F-83E6134E2908}.Debug|Any CPU.Build.0 = Debug|Any CPU
		{24ADCFB1-A6EF-45E5-825F-83E6134E2908}.Release|Any CPU.ActiveCfg = Release|Any CPU
		{24ADCFB1-A6EF-45E5-825F-83E6134E2908}.Release|Any CPU.Build.0 = Release|Any CPU
		{94A5DAD8-2C4A-487A-AAF2-89D49421302A}.Debug|Any CPU.ActiveCfg = Debug|Any CPU
		{94A5DAD8-2C4A-487A-AAF2-89D49421302A}.Debug|Any CPU.Build.0 = Debug|Any CPU
		{94A5DAD8-2C4A-487A-AAF2-89D49421302A}.Release|Any CPU.ActiveCfg = Release|Any CPU
		{94A5DAD8-2C4A-487A-AAF2-89D49421302A}.Release|Any CPU.Build.0 = Release|Any CPU
		{3A5D33A4-118C-49EF-91A9-3B4B5A487A4F}.Debug|Any CPU.ActiveCfg = Debug|Any CPU
		{3A5D33A4-118C-49EF-91A9-3B4B5A487A4F}.Debug|Any CPU.Build.0 = Debug|Any CPU
		{3A5D33A4-118C-49EF-91A9-3B4B5A487A4F}.Release|Any CPU.ActiveCfg = Release|Any CPU
		{3A5D33A4-118C-49EF-91A9-3B4B5A487A4F}.Release|Any CPU.Build.0 = Release|Any CPU
	EndGlobalSection
	GlobalSection(SolutionProperties) = preSolution
		HideSolutionNode = FALSE
	EndGlobalSection
	GlobalSection(ExtensibilityGlobals) = postSolution
		SolutionGuid = {9EBABCE6-8163-4EAF-82D2-68AA1B129599}
	EndGlobalSection
EndGlobal
